
Microsoft Visual Studio Solution File, Format Version 12.00
# Visual Studio Version 17
VisualStudioVersion = 17.10.35013.160
MinimumVisualStudioVersion = 10.0.40219.1
Project("{FAE04EC0-301F-11D3-BF4B-00C04F79EFBC}") = "WebApplication1", "WebApplication1\WebApplication1.csproj", "{17AAC0CE-571B-44A3-B669-D50B448762BC}"
EndProject
Global
	GlobalSection(SolutionConfigurationPlatforms) = preSolution
		Debug|Any CPU = Debug|Any CPU
		Release|Any CPU = Release|Any CPU
	EndGlobalSection
	GlobalSection(ProjectConfigurationPlatforms) = postSolution
		{17AAC0CE-571B-44A3-B669-D50B448762BC}.Debug|Any CPU.ActiveCfg = Debug|Any CPU
		{17AAC0CE-571B-44A3-B669-D50B448762BC}.Debug|Any CPU.Build.0 = Debug|Any CPU
		{17AAC0CE-571B-44A3-B669-D50B448762BC}.Release|Any CPU.ActiveCfg = Release|Any CPU
		{17AAC0CE-571B-44A3-B669-D50B448762BC}.Release|Any CPU.Build.0 = Release|Any CPU
	EndGlobalSection
	GlobalSection(SolutionProperties) = preSolution
		HideSolutionNode = FALSE
	EndGlobalSection
	GlobalSection(ExtensibilityGlobals) = postSolution
		SolutionGuid = {FE6168CE-A877-4628-8C3C-285A5555C620}
	EndGlobalSection
EndGlobal
